
Microsoft Visual Studio Solution File, Format Version 12.00
# Visual Studio Version 17
VisualStudioVersion = 17.7.34031.279
MinimumVisualStudioVersion = 10.0.40219.1
Project("{9A19103F-16F7-4668-BE54-9A1E7A4F7556}") = "SFA.DAS.Apprenticeships.Web", "SFA.DAS.Apprenticeships.Web\SFA.DAS.Apprenticeships.Web.csproj", "{6B78D3E3-E075-48F2-A2ED-EC6EB9ABE6E0}"
EndProject
Project("{9A19103F-16F7-4668-BE54-9A1E7A4F7556}") = "SFA.DAS.Apprenticeships.Web.UnitTests", "SFA.DAS.Apprenticeships.Web.UnitTests\SFA.DAS.Apprenticeships.Web.UnitTests.csproj", "{87AE0AE0-7AFA-4501-8169-51A49461AE8A}"
EndProject
Project("{9A19103F-16F7-4668-BE54-9A1E7A4F7556}") = "SFA.DAS.Apprenticeships.Domain", "SFA.DAS.Apprenticeships.Domain\SFA.DAS.Apprenticeships.Domain.csproj", "{6BBDFB2C-A3C3-4A62-B0EE-9F5A8C932280}"
EndProject
Project("{9A19103F-16F7-4668-BE54-9A1E7A4F7556}") = "SFA.DAS.Apprenticeships.Infrastructure", "SFA.DAS.Apprenticeships.Infrastructure\SFA.DAS.Apprenticeships.Infrastructure.csproj", "{2BD5B0B7-3DD1-42E7-952A-0293567483AE}"
EndProject
Project("{9A19103F-16F7-4668-BE54-9A1E7A4F7556}") = "SFA.DAS.Apprenticeships.Application", "SFA.DAS.Apprenticeships.Application\SFA.DAS.Apprenticeships.Application.csproj", "{DF4AA430-1D63-4E6B-9C98-A061DA222F2B}"
EndProject
Project("{FAE04EC0-301F-11D3-BF4B-00C04F79EFBC}") = "SFA.DAS.Apprenticeships.Application.UnitTests", "SFA.DAS.Apprenticeships.Application.UnitTests\SFA.DAS.Apprenticeships.Application.UnitTests.csproj", "{01D58488-3DD2-4D4F-B0A1-49D7D55C1CB6}"
EndProject
Project("{FAE04EC0-301F-11D3-BF4B-00C04F79EFBC}") = "SFA.DAS.Apprenticeships.Domain.UnitTests", "SFA.DAS.Apprenticeships.Domain.UnitTests\SFA.DAS.Apprenticeships.Domain.UnitTests.csproj", "{BF656F35-0684-4512-96F0-7589209FD51B}"
EndProject
Global
	GlobalSection(SolutionConfigurationPlatforms) = preSolution
		Debug|Any CPU = Debug|Any CPU
		Release|Any CPU = Release|Any CPU
	EndGlobalSection
	GlobalSection(ProjectConfigurationPlatforms) = postSolution
		{6B78D3E3-E075-48F2-A2ED-EC6EB9ABE6E0}.Debug|Any CPU.ActiveCfg = Debug|Any CPU
		{6B78D3E3-E075-48F2-A2ED-EC6EB9ABE6E0}.Debug|Any CPU.Build.0 = Debug|Any CPU
		{6B78D3E3-E075-48F2-A2ED-EC6EB9ABE6E0}.Release|Any CPU.ActiveCfg = Release|Any CPU
		{6B78D3E3-E075-48F2-A2ED-EC6EB9ABE6E0}.Release|Any CPU.Build.0 = Release|Any CPU
		{87AE0AE0-7AFA-4501-8169-51A49461AE8A}.Debug|Any CPU.ActiveCfg = Debug|Any CPU
		{87AE0AE0-7AFA-4501-8169-51A49461AE8A}.Debug|Any CPU.Build.0 = Debug|Any CPU
		{87AE0AE0-7AFA-4501-8169-51A49461AE8A}.Release|Any CPU.ActiveCfg = Release|Any CPU
		{87AE0AE0-7AFA-4501-8169-51A49461AE8A}.Release|Any CPU.Build.0 = Release|Any CPU
		{6BBDFB2C-A3C3-4A62-B0EE-9F5A8C932280}.Debug|Any CPU.ActiveCfg = Debug|Any CPU
		{6BBDFB2C-A3C3-4A62-B0EE-9F5A8C932280}.Debug|Any CPU.Build.0 = Debug|Any CPU
		{6BBDFB2C-A3C3-4A62-B0EE-9F5A8C932280}.Release|Any CPU.ActiveCfg = Release|Any CPU
		{6BBDFB2C-A3C3-4A62-B0EE-9F5A8C932280}.Release|Any CPU.Build.0 = Release|Any CPU
		{2BD5B0B7-3DD1-42E7-952A-0293567483AE}.Debug|Any CPU.ActiveCfg = Debug|Any CPU
		{2BD5B0B7-3DD1-42E7-952A-0293567483AE}.Debug|Any CPU.Build.0 = Debug|Any CPU
		{2BD5B0B7-3DD1-42E7-952A-0293567483AE}.Release|Any CPU.ActiveCfg = Release|Any CPU
		{2BD5B0B7-3DD1-42E7-952A-0293567483AE}.Release|Any CPU.Build.0 = Release|Any CPU
		{DF4AA430-1D63-4E6B-9C98-A061DA222F2B}.Debug|Any CPU.ActiveCfg = Debug|Any CPU
		{DF4AA430-1D63-4E6B-9C98-A061DA222F2B}.Debug|Any CPU.Build.0 = Debug|Any CPU
		{DF4AA430-1D63-4E6B-9C98-A061DA222F2B}.Release|Any CPU.ActiveCfg = Release|Any CPU
		{DF4AA430-1D63-4E6B-9C98-A061DA222F2B}.Release|Any CPU.Build.0 = Release|Any CPU
		{01D58488-3DD2-4D4F-B0A1-49D7D55C1CB6}.Debug|Any CPU.ActiveCfg = Debug|Any CPU
		{01D58488-3DD2-4D4F-B0A1-49D7D55C1CB6}.Debug|Any CPU.Build.0 = Debug|Any CPU
		{01D58488-3DD2-4D4F-B0A1-49D7D55C1CB6}.Release|Any CPU.ActiveCfg = Release|Any CPU
		{01D58488-3DD2-4D4F-B0A1-49D7D55C1CB6}.Release|Any CPU.Build.0 = Release|Any CPU
		{BF656F35-0684-4512-96F0-7589209FD51B}.Debug|Any CPU.ActiveCfg = Debug|Any CPU
		{BF656F35-0684-4512-96F0-7589209FD51B}.Debug|Any CPU.Build.0 = Debug|Any CPU
		{BF656F35-0684-4512-96F0-7589209FD51B}.Release|Any CPU.ActiveCfg = Release|Any CPU
		{BF656F35-0684-4512-96F0-7589209FD51B}.Release|Any CPU.Build.0 = Release|Any CPU
	EndGlobalSection
	GlobalSection(SolutionProperties) = preSolution
		HideSolutionNode = FALSE
	EndGlobalSection
	GlobalSection(ExtensibilityGlobals) = postSolution
		SolutionGuid = {ACC753ED-1A0C-48B6-ACD3-73C5D70D947D}
	EndGlobalSection
EndGlobal
